// !$*UTF8*$!
{
	archiveVersion = 1;
	classes = {
	};
	objectVersion = 50;
	objects = {

/* Begin PBXBuildFile section */
		075CE24D21A0E1BD001A545B /* AppDelegate.swift in Sources */ = {isa = PBXBuildFile; fileRef = 075CE24C21A0E1BD001A545B /* AppDelegate.swift */; };
		075CE24F21A0E1BD001A545B /* MainWindowViewController.swift in Sources */ = {isa = PBXBuildFile; fileRef = 075CE24E21A0E1BD001A545B /* MainWindowViewController.swift */; };
		075CE25121A0E1BF001A545B /* Assets.xcassets in Resources */ = {isa = PBXBuildFile; fileRef = 075CE25021A0E1BF001A545B /* Assets.xcassets */; };
		075CE25421A0E1BF001A545B /* Main.storyboard in Resources */ = {isa = PBXBuildFile; fileRef = 075CE25221A0E1BF001A545B /* Main.storyboard */; };
		07BF0FD621ADFDDB00689359 /* EditItemViewController.swift in Sources */ = {isa = PBXBuildFile; fileRef = 07BF0FD521ADFDDB00689359 /* EditItemViewController.swift */; };
		07EA400921A9C1DF007AE7B2 /* Topic.swift in Sources */ = {isa = PBXBuildFile; fileRef = 07EA400821A9C1DF007AE7B2 /* Topic.swift */; };
		07FD3D5E21A7A1D100EEA024 /* Item.swift in Sources */ = {isa = PBXBuildFile; fileRef = 07FD3D5D21A7A1D100EEA024 /* Item.swift */; };
/* End PBXBuildFile section */

/* Begin PBXFileReference section */
		075CE24921A0E1BD001A545B /* ehnoze.app */ = {isa = PBXFileReference; explicitFileType = wrapper.application; includeInIndex = 0; path = ehnoze.app; sourceTree = BUILT_PRODUCTS_DIR; };
		075CE24C21A0E1BD001A545B /* AppDelegate.swift */ = {isa = PBXFileReference; lastKnownFileType = sourcecode.swift; path = AppDelegate.swift; sourceTree = "<group>"; };
		075CE24E21A0E1BD001A545B /* MainWindowViewController.swift */ = {isa = PBXFileReference; lastKnownFileType = sourcecode.swift; path = MainWindowViewController.swift; sourceTree = "<group>"; };
		075CE25021A0E1BF001A545B /* Assets.xcassets */ = {isa = PBXFileReference; lastKnownFileType = folder.assetcatalog; path = Assets.xcassets; sourceTree = "<group>"; };
		075CE25321A0E1BF001A545B /* Base */ = {isa = PBXFileReference; lastKnownFileType = file.storyboard; name = Base; path = Base.lproj/Main.storyboard; sourceTree = "<group>"; };
		075CE25521A0E1BF001A545B /* Info.plist */ = {isa = PBXFileReference; lastKnownFileType = text.plist.xml; path = Info.plist; sourceTree = "<group>"; };
		075CE25E21A0E226001A545B /* ehnoze.entitlements */ = {isa = PBXFileReference; lastKnownFileType = text.plist.entitlements; path = ehnoze.entitlements; sourceTree = "<group>"; };
		07BF0FD521ADFDDB00689359 /* EditItemViewController.swift */ = {isa = PBXFileReference; lastKnownFileType = sourcecode.swift; path = EditItemViewController.swift; sourceTree = "<group>"; };
		07EA400821A9C1DF007AE7B2 /* Topic.swift */ = {isa = PBXFileReference; lastKnownFileType = sourcecode.swift; path = Topic.swift; sourceTree = "<group>"; };
		07FD3D5D21A7A1D100EEA024 /* Item.swift */ = {isa = PBXFileReference; lastKnownFileType = sourcecode.swift; path = Item.swift; sourceTree = "<group>"; };
/* End PBXFileReference section */

/* Begin PBXFrameworksBuildPhase section */
		075CE24621A0E1BD001A545B /* Frameworks */ = {
			isa = PBXFrameworksBuildPhase;
			buildActionMask = 2147483647;
			files = (
			);
			runOnlyForDeploymentPostprocessing = 0;
		};
/* End PBXFrameworksBuildPhase section */

/* Begin PBXGroup section */
		075CE24021A0E1BD001A545B = {
			isa = PBXGroup;
			children = (
				075CE24B21A0E1BD001A545B /* ehnoze */,
				075CE24A21A0E1BD001A545B /* Products */,
			);
			sourceTree = "<group>";
		};
		075CE24A21A0E1BD001A545B /* Products */ = {
			isa = PBXGroup;
			children = (
				075CE24921A0E1BD001A545B /* ehnoze.app */,
			);
			name = Products;
			sourceTree = "<group>";
		};
		075CE24B21A0E1BD001A545B /* ehnoze */ = {
			isa = PBXGroup;
			children = (
				075CE25E21A0E226001A545B /* ehnoze.entitlements */,
				075CE25521A0E1BF001A545B /* Info.plist */,
				075CE24C21A0E1BD001A545B /* AppDelegate.swift */,
				075CE25C21A0E1E4001A545B /* View Controllers */,
				07FD3D5C21A7A18500EEA024 /* Model */,
				075CE25021A0E1BF001A545B /* Assets.xcassets */,
				075CE25221A0E1BF001A545B /* Main.storyboard */,
			);
			path = ehnoze;
			sourceTree = "<group>";
		};
		075CE25C21A0E1E4001A545B /* View Controllers */ = {
			isa = PBXGroup;
			children = (
				075CE24E21A0E1BD001A545B /* MainWindowViewController.swift */,
				07BF0FD521ADFDDB00689359 /* EditItemViewController.swift */,
			);
			path = "View Controllers";
			sourceTree = "<group>";
		};
		07FD3D5C21A7A18500EEA024 /* Model */ = {
			isa = PBXGroup;
			children = (
				07FD3D5D21A7A1D100EEA024 /* Item.swift */,
				07EA400821A9C1DF007AE7B2 /* Topic.swift */,
			);
			path = Model;
			sourceTree = "<group>";
		};
/* End PBXGroup section */

/* Begin PBXNativeTarget section */
		075CE24821A0E1BD001A545B /* ehnoze */ = {
			isa = PBXNativeTarget;
			buildConfigurationList = 075CE25921A0E1BF001A545B /* Build configuration list for PBXNativeTarget "ehnoze" */;
			buildPhases = (
				075CE24521A0E1BD001A545B /* Sources */,
				075CE24621A0E1BD001A545B /* Frameworks */,
				075CE24721A0E1BD001A545B /* Resources */,
			);
			buildRules = (
			);
			dependencies = (
			);
			name = ehnoze;
			productName = ehnoze;
			productReference = 075CE24921A0E1BD001A545B /* ehnoze.app */;
			productType = "com.apple.product-type.application";
		};
/* End PBXNativeTarget section */

/* Begin PBXProject section */
		075CE24121A0E1BD001A545B /* Project object */ = {
			isa = PBXProject;
			attributes = {
				LastSwiftUpdateCheck = 1010;
				LastUpgradeCheck = 1010;
				ORGANIZATIONNAME = "Carlos Luz";
				TargetAttributes = {
					075CE24821A0E1BD001A545B = {
						CreatedOnToolsVersion = 10.1;
						SystemCapabilities = {
							com.apple.Sandbox = {
								enabled = 1;
							};
						};
					};
				};
			};
			buildConfigurationList = 075CE24421A0E1BD001A545B /* Build configuration list for PBXProject "ehnoze" */;
			compatibilityVersion = "Xcode 9.3";
			developmentRegion = en;
			hasScannedForEncodings = 0;
			knownRegions = (
				en,
				Base,
			);
			mainGroup = 075CE24021A0E1BD001A545B;
			productRefGroup = 075CE24A21A0E1BD001A545B /* Products */;
			projectDirPath = "";
			projectRoot = "";
			targets = (
				075CE24821A0E1BD001A545B /* ehnoze */,
			);
		};
/* End PBXProject section */

/* Begin PBXResourcesBuildPhase section */
		075CE24721A0E1BD001A545B /* Resources */ = {
			isa = PBXResourcesBuildPhase;
			buildActionMask = 2147483647;
			files = (
				075CE25121A0E1BF001A545B /* Assets.xcassets in Resources */,
				075CE25421A0E1BF001A545B /* Main.storyboard in Resources */,
			);
			runOnlyForDeploymentPostprocessing = 0;
		};
/* End PBXResourcesBuildPhase section */

/* Begin PBXSourcesBuildPhase section */
		075CE24521A0E1BD001A545B /* Sources */ = {
			isa = PBXSourcesBuildPhase;
			buildActionMask = 2147483647;
			files = (
				075CE24F21A0E1BD001A545B /* MainWindowViewController.swift in Sources */,
				07EA400921A9C1DF007AE7B2 /* Topic.swift in Sources */,
				07BF0FD621ADFDDB00689359 /* EditItemViewController.swift in Sources */,
				07FD3D5E21A7A1D100EEA024 /* Item.swift in Sources */,
				075CE24D21A0E1BD001A545B /* AppDelegate.swift in Sources */,
			);
			runOnlyForDeploymentPostprocessing = 0;
		};
/* End PBXSourcesBuildPhase section */

/* Begin PBXVariantGroup section */
		075CE25221A0E1BF001A545B /* Main.storyboard */ = {
			isa = PBXVariantGroup;
			children = (
				075CE25321A0E1BF001A545B /* Base */,
			);
			name = Main.storyboard;
			sourceTree = "<group>";
		};
/* End PBXVariantGroup section */

/* Begin XCBuildConfiguration section */
		075CE25721A0E1BF001A545B /* Debug */ = {
			isa = XCBuildConfiguration;
			buildSettings = {
				ALWAYS_SEARCH_USER_PATHS = NO;
				CLANG_ANALYZER_NONNULL = YES;
				CLANG_ANALYZER_NUMBER_OBJECT_CONVERSION = YES_AGGRESSIVE;
				CLANG_CXX_LANGUAGE_STANDARD = "gnu++14";
				CLANG_CXX_LIBRARY = "libc++";
				CLANG_ENABLE_MODULES = YES;
				CLANG_ENABLE_OBJC_ARC = YES;
				CLANG_ENABLE_OBJC_WEAK = YES;
				CLANG_WARN_BLOCK_CAPTURE_AUTORELEASING = YES;
				CLANG_WARN_BOOL_CONVERSION = YES;
				CLANG_WARN_COMMA = YES;
				CLANG_WARN_CONSTANT_CONVERSION = YES;
				CLANG_WARN_DEPRECATED_OBJC_IMPLEMENTATIONS = YES;
				CLANG_WARN_DIRECT_OBJC_ISA_USAGE = YES_ERROR;
				CLANG_WARN_DOCUMENTATION_COMMENTS = YES;
				CLANG_WARN_EMPTY_BODY = YES;
				CLANG_WARN_ENUM_CONVERSION = YES;
				CLANG_WARN_INFINITE_RECURSION = YES;
				CLANG_WARN_INT_CONVERSION = YES;
				CLANG_WARN_NON_LITERAL_NULL_CONVERSION = YES;
				CLANG_WARN_OBJC_IMPLICIT_RETAIN_SELF = YES;
				CLANG_WARN_OBJC_LITERAL_CONVERSION = YES;
				CLANG_WARN_OBJC_ROOT_CLASS = YES_ERROR;
				CLANG_WARN_RANGE_LOOP_ANALYSIS = YES;
				CLANG_WARN_STRICT_PROTOTYPES = YES;
				CLANG_WARN_SUSPICIOUS_MOVE = YES;
				CLANG_WARN_UNGUARDED_AVAILABILITY = YES_AGGRESSIVE;
				CLANG_WARN_UNREACHABLE_CODE = YES;
				CLANG_WARN__DUPLICATE_METHOD_MATCH = YES;
				CODE_SIGN_IDENTITY = "-";
				COPY_PHASE_STRIP = NO;
				DEBUG_INFORMATION_FORMAT = dwarf;
				ENABLE_STRICT_OBJC_MSGSEND = YES;
				ENABLE_TESTABILITY = YES;
				GCC_C_LANGUAGE_STANDARD = gnu11;
				GCC_DYNAMIC_NO_PIC = NO;
				GCC_NO_COMMON_BLOCKS = YES;
				GCC_OPTIMIZATION_LEVEL = 0;
				GCC_PREPROCESSOR_DEFINITIONS = (
					"DEBUG=1",
					"$(inherited)",
				);
				GCC_WARN_64_TO_32_BIT_CONVERSION = YES;
				GCC_WARN_ABOUT_RETURN_TYPE = YES_ERROR;
				GCC_WARN_UNDECLARED_SELECTOR = YES;
				GCC_WARN_UNINITIALIZED_AUTOS = YES_AGGRESSIVE;
				GCC_WARN_UNUSED_FUNCTION = YES;
				GCC_WARN_UNUSED_VARIABLE = YES;
				MACOSX_DEPLOYMENT_TARGET = 10.13;
				MTL_ENABLE_DEBUG_INFO = INCLUDE_SOURCE;
				MTL_FAST_MATH = YES;
				ONLY_ACTIVE_ARCH = YES;
				SDKROOT = macosx;
				SWIFT_ACTIVE_COMPILATION_CONDITIONS = DEBUG;
				SWIFT_OPTIMIZATION_LEVEL = "-Onone";
			};
			name = Debug;
		};
		075CE25821A0E1BF001A545B /* Release */ = {
			isa = XCBuildConfiguration;
			buildSettings = {
				ALWAYS_SEARCH_USER_PATHS = NO;
				CLANG_ANALYZER_NONNULL = YES;
				CLANG_ANALYZER_NUMBER_OBJECT_CONVERSION = YES_AGGRESSIVE;
				CLANG_CXX_LANGUAGE_STANDARD = "gnu++14";
				CLANG_CXX_LIBRARY = "libc++";
				CLANG_ENABLE_MODULES = YES;
				CLANG_ENABLE_OBJC_ARC = YES;
				CLANG_ENABLE_OBJC_WEAK = YES;
				CLANG_WARN_BLOCK_CAPTURE_AUTORELEASING = YES;
				CLANG_WARN_BOOL_CONVERSION = YES;
				CLANG_WARN_COMMA = YES;
				CLANG_WARN_CONSTANT_CONVERSION = YES;
				CLANG_WARN_DEPRECATED_OBJC_IMPLEMENTATIONS = YES;
				CLANG_WARN_DIRECT_OBJC_ISA_USAGE = YES_ERROR;
				CLANG_WARN_DOCUMENTATION_COMMENTS = YES;
				CLANG_WARN_EMPTY_BODY = YES;
				CLANG_WARN_ENUM_CONVERSION = YES;
				CLANG_WARN_INFINITE_RECURSION = YES;
				CLANG_WARN_INT_CONVERSION = YES;
				CLANG_WARN_NON_LITERAL_NULL_CONVERSION = YES;
				CLANG_WARN_OBJC_IMPLICIT_RETAIN_SELF = YES;
				CLANG_WARN_OBJC_LITERAL_CONVERSION = YES;
				CLANG_WARN_OBJC_ROOT_CLASS = YES_ERROR;
				CLANG_WARN_RANGE_LOOP_ANALYSIS = YES;
				CLANG_WARN_STRICT_PROTOTYPES = YES;
				CLANG_WARN_SUSPICIOUS_MOVE = YES;
				CLANG_WARN_UNGUARDED_AVAILABILITY = YES_AGGRESSIVE;
				CLANG_WARN_UNREACHABLE_CODE = YES;
				CLANG_WARN__DUPLICATE_METHOD_MATCH = YES;
				CODE_SIGN_IDENTITY = "-";
				COPY_PHASE_STRIP = NO;
				DEBUG_INFORMATION_FORMAT = "dwarf-with-dsym";
				ENABLE_NS_ASSERTIONS = NO;
				ENABLE_STRICT_OBJC_MSGSEND = YES;
				GCC_C_LANGUAGE_STANDARD = gnu11;
				GCC_NO_COMMON_BLOCKS = YES;
				GCC_WARN_64_TO_32_BIT_CONVERSION = YES;
				GCC_WARN_ABOUT_RETURN_TYPE = YES_ERROR;
				GCC_WARN_UNDECLARED_SELECTOR = YES;
				GCC_WARN_UNINITIALIZED_AUTOS = YES_AGGRESSIVE;
				GCC_WARN_UNUSED_FUNCTION = YES;
				GCC_WARN_UNUSED_VARIABLE = YES;
				MACOSX_DEPLOYMENT_TARGET = 10.13;
				MTL_ENABLE_DEBUG_INFO = NO;
				MTL_FAST_MATH = YES;
				SDKROOT = macosx;
				SWIFT_COMPILATION_MODE = wholemodule;
				SWIFT_OPTIMIZATION_LEVEL = "-O";
			};
			name = Release;
		};
		075CE25A21A0E1BF001A545B /* Debug */ = {
			isa = XCBuildConfiguration;
			buildSettings = {
				ASSETCATALOG_COMPILER_APPICON_NAME = AppIcon;
				CODE_SIGN_ENTITLEMENTS = ehnoze/ehnoze.entitlements;
				CODE_SIGN_STYLE = Automatic;
				COMBINE_HIDPI_IMAGES = YES;
				INFOPLIST_FILE = "$(SRCROOT)/ehnoze/Info.plist";
				LD_RUNPATH_SEARCH_PATHS = (
					"$(inherited)",
					"@executable_path/../Frameworks",
				);
				PRODUCT_BUNDLE_IDENTIFIER = net.carlosluz.ehnoze;
				PRODUCT_NAME = "$(TARGET_NAME)";
				SWIFT_VERSION = 4.2;
			};
			name = Debug;
		};
		075CE25B21A0E1BF001A545B /* Release */ = {
			isa = XCBuildConfiguration;
			buildSettings = {
				ASSETCATALOG_COMPILER_APPICON_NAME = AppIcon;
				CODE_SIGN_ENTITLEMENTS = ehnoze/ehnoze.entitlements;
				CODE_SIGN_STYLE = Automatic;
				COMBINE_HIDPI_IMAGES = YES;
				INFOPLIST_FILE = "$(SRCROOT)/ehnoze/Info.plist";
				LD_RUNPATH_SEARCH_PATHS = (
					"$(inherited)",
					"@executable_path/../Frameworks",
				);
				PRODUCT_BUNDLE_IDENTIFIER = net.carlosluz.ehnoze;
				PRODUCT_NAME = "$(TARGET_NAME)";
				SWIFT_VERSION = 4.2;
			};
			name = Release;
		};
/* End XCBuildConfiguration section */

/* Begin XCConfigurationList section */
		075CE24421A0E1BD001A545B /* Build configuration list for PBXProject "ehnoze" */ = {
			isa = XCConfigurationList;
			buildConfigurations = (
				075CE25721A0E1BF001A545B /* Debug */,
				075CE25821A0E1BF001A545B /* Release */,
			);
			defaultConfigurationIsVisible = 0;
			defaultConfigurationName = Release;
		};
		075CE25921A0E1BF001A545B /* Build configuration list for PBXNativeTarget "ehnoze" */ = {
			isa = XCConfigurationList;
			buildConfigurations = (
				075CE25A21A0E1BF001A545B /* Debug */,
				075CE25B21A0E1BF001A545B /* Release */,
			);
			defaultConfigurationIsVisible = 0;
			defaultConfigurationName = Release;
		};
/* End XCConfigurationList section */
	};
	rootObject = 075CE24121A0E1BD001A545B /* Project object */;
}
